// !$*UTF8*$!
{
	archiveVersion = 1;
	classes = {
	};
	objectVersion = 52;
	objects = {

/* Begin PBXBuildFile section */
		D3ADCEAD2624C046007F31BA /* Omer_CounterApp.swift in Sources */ = {isa = PBXBuildFile; fileRef = D3ADCEAC2624C046007F31BA /* Omer_CounterApp.swift */; };
		D3ADCEAF2624C046007F31BA /* ContentView.swift in Sources */ = {isa = PBXBuildFile; fileRef = D3ADCEAE2624C046007F31BA /* ContentView.swift */; };
		D3ADCEB12624C046007F31BA /* Assets.xcassets in Resources */ = {isa = PBXBuildFile; fileRef = D3ADCEB02624C046007F31BA /* Assets.xcassets */; };
		D3ADCEB42624C046007F31BA /* Preview Assets.xcassets in Resources */ = {isa = PBXBuildFile; fileRef = D3ADCEB32624C046007F31BA /* Preview Assets.xcassets */; };
		D3ADCEC32624C13A007F31BA /* WidgetKit.framework in Frameworks */ = {isa = PBXBuildFile; fileRef = D3ADCEC22624C13A007F31BA /* WidgetKit.framework */; };
		D3ADCEC52624C13A007F31BA /* SwiftUI.framework in Frameworks */ = {isa = PBXBuildFile; fileRef = D3ADCEC42624C13A007F31BA /* SwiftUI.framework */; };
		D3ADCEC82624C13A007F31BA /* OmerCounterWidget.swift in Sources */ = {isa = PBXBuildFile; fileRef = D3ADCEC72624C13A007F31BA /* OmerCounterWidget.swift */; };
		D3ADCECB2624C13B007F31BA /* Assets.xcassets in Resources */ = {isa = PBXBuildFile; fileRef = D3ADCECA2624C13B007F31BA /* Assets.xcassets */; };
		D3ADCECD2624C13B007F31BA /* OmerCounterWidget.intentdefinition in Sources */ = {isa = PBXBuildFile; fileRef = D3ADCEC92624C13A007F31BA /* OmerCounterWidget.intentdefinition */; };
		D3ADCECE2624C13B007F31BA /* OmerCounterWidget.intentdefinition in Sources */ = {isa = PBXBuildFile; fileRef = D3ADCEC92624C13A007F31BA /* OmerCounterWidget.intentdefinition */; };
		D3ADCED12624C13B007F31BA /* OmerCounterWidgetExtension.appex in Embed App Extensions */ = {isa = PBXBuildFile; fileRef = D3ADCEC02624C13A007F31BA /* OmerCounterWidgetExtension.appex */; settings = {ATTRIBUTES = (RemoveHeadersOnCopy, ); }; };
		D3ADCEE72624CF7B007F31BA /* titles.strings in Resources */ = {isa = PBXBuildFile; fileRef = D3ADCEE92624CF7B007F31BA /* titles.strings */; };
		D3ADCEF02624D6A3007F31BA /* OmerTextView.swift in Sources */ = {isa = PBXBuildFile; fileRef = D3ADCEEF2624D6A3007F31BA /* OmerTextView.swift */; };
		D3ADCEF42624D6CC007F31BA /* OmerTextLine.swift in Sources */ = {isa = PBXBuildFile; fileRef = D3ADCEF32624D6CC007F31BA /* OmerTextLine.swift */; };
		D3ADCEF926262494007F31BA /* LocationManager.swift in Sources */ = {isa = PBXBuildFile; fileRef = D3ADCEF826262494007F31BA /* LocationManager.swift */; };
		D3ADCF092626262A007F31BA /* MainContentView.swift in Sources */ = {isa = PBXBuildFile; fileRef = D3ADCF082626262A007F31BA /* MainContentView.swift */; };
		D3ADCF0E26262A0F007F31BA /* Solar in Frameworks */ = {isa = PBXBuildFile; productRef = D3ADCF0D26262A0F007F31BA /* Solar */; };
		D3ADCF1226262A33007F31BA /* TimesManager.swift in Sources */ = {isa = PBXBuildFile; fileRef = D3ADCF1126262A33007F31BA /* TimesManager.swift */; };
		D3ADCF1626273374007F31BA /* OmerManager.swift in Sources */ = {isa = PBXBuildFile; fileRef = D3ADCF1526273374007F31BA /* OmerManager.swift */; };
		D3ADCF242628A1F8007F31BA /* OmerTexts.swift in Sources */ = {isa = PBXBuildFile; fileRef = D3ADCF232628A1F8007F31BA /* OmerTexts.swift */; };
		D3ADCF3D2628BA13007F31BA /* AttributedText.swift in Sources */ = {isa = PBXBuildFile; fileRef = D3ADCF3C2628BA13007F31BA /* AttributedText.swift */; };
		D3ADCF4B2628C85D007F31BA /* BlackLabsSwiftUIColor in Frameworks */ = {isa = PBXBuildFile; productRef = D3ADCF4A2628C85D007F31BA /* BlackLabsSwiftUIColor */; };
		D3ADCF522628C8E7007F31BA /* UiExt.swift in Sources */ = {isa = PBXBuildFile; fileRef = D3ADCF512628C8E7007F31BA /* UiExt.swift */; };
/* End PBXBuildFile section */

/* Begin PBXContainerItemProxy section */
		D3ADCECF2624C13B007F31BA /* PBXContainerItemProxy */ = {
			isa = PBXContainerItemProxy;
			containerPortal = D3ADCEA12624C046007F31BA /* Project object */;
			proxyType = 1;
			remoteGlobalIDString = D3ADCEBF2624C13A007F31BA;
			remoteInfo = OmerCounterWidgetExtension;
		};
/* End PBXContainerItemProxy section */

/* Begin PBXCopyFilesBuildPhase section */
		D3ADCED52624C13B007F31BA /* Embed App Extensions */ = {
			isa = PBXCopyFilesBuildPhase;
			buildActionMask = 2147483647;
			dstPath = "";
			dstSubfolderSpec = 13;
			files = (
				D3ADCED12624C13B007F31BA /* OmerCounterWidgetExtension.appex in Embed App Extensions */,
			);
			name = "Embed App Extensions";
			runOnlyForDeploymentPostprocessing = 0;
		};
/* End PBXCopyFilesBuildPhase section */

/* Begin PBXFileReference section */
		D3ADCEA92624C046007F31BA /* Omer Counter.app */ = {isa = PBXFileReference; explicitFileType = wrapper.application; includeInIndex = 0; path = "Omer Counter.app"; sourceTree = BUILT_PRODUCTS_DIR; };
		D3ADCEAC2624C046007F31BA /* Omer_CounterApp.swift */ = {isa = PBXFileReference; lastKnownFileType = sourcecode.swift; path = Omer_CounterApp.swift; sourceTree = "<group>"; };
		D3ADCEAE2624C046007F31BA /* ContentView.swift */ = {isa = PBXFileReference; lastKnownFileType = sourcecode.swift; path = ContentView.swift; sourceTree = "<group>"; };
		D3ADCEB02624C046007F31BA /* Assets.xcassets */ = {isa = PBXFileReference; lastKnownFileType = folder.assetcatalog; path = Assets.xcassets; sourceTree = "<group>"; };
		D3ADCEB32624C046007F31BA /* Preview Assets.xcassets */ = {isa = PBXFileReference; lastKnownFileType = folder.assetcatalog; path = "Preview Assets.xcassets"; sourceTree = "<group>"; };
		D3ADCEB52624C046007F31BA /* Info.plist */ = {isa = PBXFileReference; lastKnownFileType = text.plist.xml; path = Info.plist; sourceTree = "<group>"; };
		D3ADCEC02624C13A007F31BA /* OmerCounterWidgetExtension.appex */ = {isa = PBXFileReference; explicitFileType = "wrapper.app-extension"; includeInIndex = 0; path = OmerCounterWidgetExtension.appex; sourceTree = BUILT_PRODUCTS_DIR; };
		D3ADCEC22624C13A007F31BA /* WidgetKit.framework */ = {isa = PBXFileReference; lastKnownFileType = wrapper.framework; name = WidgetKit.framework; path = System/Library/Frameworks/WidgetKit.framework; sourceTree = SDKROOT; };
		D3ADCEC42624C13A007F31BA /* SwiftUI.framework */ = {isa = PBXFileReference; lastKnownFileType = wrapper.framework; name = SwiftUI.framework; path = System/Library/Frameworks/SwiftUI.framework; sourceTree = SDKROOT; };
		D3ADCEC72624C13A007F31BA /* OmerCounterWidget.swift */ = {isa = PBXFileReference; lastKnownFileType = sourcecode.swift; path = OmerCounterWidget.swift; sourceTree = "<group>"; };
		D3ADCEC92624C13A007F31BA /* OmerCounterWidget.intentdefinition */ = {isa = PBXFileReference; lastKnownFileType = file.intentdefinition; path = OmerCounterWidget.intentdefinition; sourceTree = "<group>"; };
		D3ADCECA2624C13B007F31BA /* Assets.xcassets */ = {isa = PBXFileReference; lastKnownFileType = folder.assetcatalog; path = Assets.xcassets; sourceTree = "<group>"; };
		D3ADCECC2624C13B007F31BA /* Info.plist */ = {isa = PBXFileReference; lastKnownFileType = text.plist.xml; path = Info.plist; sourceTree = "<group>"; };
		D3ADCEE82624CF7B007F31BA /* en */ = {isa = PBXFileReference; lastKnownFileType = text.plist.strings; name = en; path = en.lproj/titles.strings; sourceTree = "<group>"; };
		D3ADCEEC2624CF95007F31BA /* he */ = {isa = PBXFileReference; lastKnownFileType = text.plist.strings; name = he; path = he.lproj/titles.strings; sourceTree = "<group>"; };
		D3ADCEEF2624D6A3007F31BA /* OmerTextView.swift */ = {isa = PBXFileReference; lastKnownFileType = sourcecode.swift; path = OmerTextView.swift; sourceTree = "<group>"; };
		D3ADCEF32624D6CC007F31BA /* OmerTextLine.swift */ = {isa = PBXFileReference; lastKnownFileType = sourcecode.swift; path = OmerTextLine.swift; sourceTree = "<group>"; };
		D3ADCEF826262494007F31BA /* LocationManager.swift */ = {isa = PBXFileReference; lastKnownFileType = sourcecode.swift; path = LocationManager.swift; sourceTree = "<group>"; };
		D3ADCF082626262A007F31BA /* MainContentView.swift */ = {isa = PBXFileReference; lastKnownFileType = sourcecode.swift; path = MainContentView.swift; sourceTree = "<group>"; };
		D3ADCF1126262A33007F31BA /* TimesManager.swift */ = {isa = PBXFileReference; lastKnownFileType = sourcecode.swift; path = TimesManager.swift; sourceTree = "<group>"; };
		D3ADCF1526273374007F31BA /* OmerManager.swift */ = {isa = PBXFileReference; lastKnownFileType = sourcecode.swift; path = OmerManager.swift; sourceTree = "<group>"; };
		D3ADCF232628A1F8007F31BA /* OmerTexts.swift */ = {isa = PBXFileReference; lastKnownFileType = sourcecode.swift; path = OmerTexts.swift; sourceTree = "<group>"; };
		D3ADCF3C2628BA13007F31BA /* AttributedText.swift */ = {isa = PBXFileReference; lastKnownFileType = sourcecode.swift; path = AttributedText.swift; sourceTree = "<group>"; };
		D3ADCF512628C8E7007F31BA /* UiExt.swift */ = {isa = PBXFileReference; lastKnownFileType = sourcecode.swift; path = UiExt.swift; sourceTree = "<group>"; };
/* End PBXFileReference section */

/* Begin PBXFrameworksBuildPhase section */
		D3ADCEA62624C046007F31BA /* Frameworks */ = {
			isa = PBXFrameworksBuildPhase;
			buildActionMask = 2147483647;
			files = (
				D3ADCF4B2628C85D007F31BA /* BlackLabsSwiftUIColor in Frameworks */,
				D3ADCF0E26262A0F007F31BA /* Solar in Frameworks */,
			);
			runOnlyForDeploymentPostprocessing = 0;
		};
		D3ADCEBD2624C13A007F31BA /* Frameworks */ = {
			isa = PBXFrameworksBuildPhase;
			buildActionMask = 2147483647;
			files = (
				D3ADCEC52624C13A007F31BA /* SwiftUI.framework in Frameworks */,
				D3ADCEC32624C13A007F31BA /* WidgetKit.framework in Frameworks */,
			);
			runOnlyForDeploymentPostprocessing = 0;
		};
/* End PBXFrameworksBuildPhase section */

/* Begin PBXGroup section */
		D3ADCEA02624C046007F31BA = {
			isa = PBXGroup;
			children = (
				D3ADCEE92624CF7B007F31BA /* titles.strings */,
				D3ADCEAB2624C046007F31BA /* Omer Counter */,
				D3ADCEC62624C13A007F31BA /* OmerCounterWidget */,
				D3ADCEC12624C13A007F31BA /* Frameworks */,
				D3ADCEAA2624C046007F31BA /* Products */,
			);
			sourceTree = "<group>";
		};
		D3ADCEAA2624C046007F31BA /* Products */ = {
			isa = PBXGroup;
			children = (
				D3ADCEA92624C046007F31BA /* Omer Counter.app */,
				D3ADCEC02624C13A007F31BA /* OmerCounterWidgetExtension.appex */,
			);
			name = Products;
			sourceTree = "<group>";
		};
		D3ADCEAB2624C046007F31BA /* Omer Counter */ = {
			isa = PBXGroup;
			children = (
				D3ADCF502628C8DB007F31BA /* Util */,
				D3ADCEFF262625F8007F31BA /* Model */,
				D3ADCEFE262625EE007F31BA /* Views */,
				D3ADCEF726262483007F31BA /* Managers */,
				D3ADCEAC2624C046007F31BA /* Omer_CounterApp.swift */,
				D3ADCEAE2624C046007F31BA /* ContentView.swift */,
				D3ADCEB02624C046007F31BA /* Assets.xcassets */,
				D3ADCEB52624C046007F31BA /* Info.plist */,
				D3ADCEB22624C046007F31BA /* Preview Content */,
			);
			path = "Omer Counter";
			sourceTree = "<group>";
		};
		D3ADCEB22624C046007F31BA /* Preview Content */ = {
			isa = PBXGroup;
			children = (
				D3ADCEB32624C046007F31BA /* Preview Assets.xcassets */,
			);
			path = "Preview Content";
			sourceTree = "<group>";
		};
		D3ADCEC12624C13A007F31BA /* Frameworks */ = {
			isa = PBXGroup;
			children = (
				D3ADCEC22624C13A007F31BA /* WidgetKit.framework */,
				D3ADCEC42624C13A007F31BA /* SwiftUI.framework */,
			);
			name = Frameworks;
			sourceTree = "<group>";
		};
		D3ADCEC62624C13A007F31BA /* OmerCounterWidget */ = {
			isa = PBXGroup;
			children = (
				D3ADCEC72624C13A007F31BA /* OmerCounterWidget.swift */,
				D3ADCEC92624C13A007F31BA /* OmerCounterWidget.intentdefinition */,
				D3ADCECA2624C13B007F31BA /* Assets.xcassets */,
				D3ADCECC2624C13B007F31BA /* Info.plist */,
			);
			path = OmerCounterWidget;
			sourceTree = "<group>";
		};
		D3ADCEF726262483007F31BA /* Managers */ = {
			isa = PBXGroup;
			children = (
				D3ADCEF826262494007F31BA /* LocationManager.swift */,
				D3ADCF1126262A33007F31BA /* TimesManager.swift */,
				D3ADCF1526273374007F31BA /* OmerManager.swift */,
			);
			path = Managers;
			sourceTree = "<group>";
		};
		D3ADCEFE262625EE007F31BA /* Views */ = {
			isa = PBXGroup;
			children = (
				D3ADCEEF2624D6A3007F31BA /* OmerTextView.swift */,
				D3ADCF082626262A007F31BA /* MainContentView.swift */,
				D3ADCF3C2628BA13007F31BA /* AttributedText.swift */,
			);
			path = Views;
			sourceTree = "<group>";
		};
		D3ADCEFF262625F8007F31BA /* Model */ = {
			isa = PBXGroup;
			children = (
				D3ADCEF32624D6CC007F31BA /* OmerTextLine.swift */,
				D3ADCF232628A1F8007F31BA /* OmerTexts.swift */,
			);
			path = Model;
			sourceTree = "<group>";
		};
		D3ADCF502628C8DB007F31BA /* Util */ = {
			isa = PBXGroup;
			children = (
				D3ADCF512628C8E7007F31BA /* UiExt.swift */,
			);
			path = Util;
			sourceTree = "<group>";
		};
/* End PBXGroup section */

/* Begin PBXNativeTarget section */
		D3ADCEA82624C046007F31BA /* Omer Counter */ = {
			isa = PBXNativeTarget;
			buildConfigurationList = D3ADCEB82624C046007F31BA /* Build configuration list for PBXNativeTarget "Omer Counter" */;
			buildPhases = (
				D3ADCEA52624C046007F31BA /* Sources */,
				D3ADCEA62624C046007F31BA /* Frameworks */,
				D3ADCEA72624C046007F31BA /* Resources */,
				D3ADCED52624C13B007F31BA /* Embed App Extensions */,
			);
			buildRules = (
			);
			dependencies = (
				D3ADCED02624C13B007F31BA /* PBXTargetDependency */,
			);
			name = "Omer Counter";
			packageProductDependencies = (
				D3ADCF0D26262A0F007F31BA /* Solar */,
				D3ADCF4A2628C85D007F31BA /* BlackLabsSwiftUIColor */,
			);
			productName = "Omer Counter";
			productReference = D3ADCEA92624C046007F31BA /* Omer Counter.app */;
			productType = "com.apple.product-type.application";
		};
		D3ADCEBF2624C13A007F31BA /* OmerCounterWidgetExtension */ = {
			isa = PBXNativeTarget;
			buildConfigurationList = D3ADCED22624C13B007F31BA /* Build configuration list for PBXNativeTarget "OmerCounterWidgetExtension" */;
			buildPhases = (
				D3ADCEBC2624C13A007F31BA /* Sources */,
				D3ADCEBD2624C13A007F31BA /* Frameworks */,
				D3ADCEBE2624C13A007F31BA /* Resources */,
			);
			buildRules = (
			);
			dependencies = (
			);
			name = OmerCounterWidgetExtension;
			productName = OmerCounterWidgetExtension;
			productReference = D3ADCEC02624C13A007F31BA /* OmerCounterWidgetExtension.appex */;
			productType = "com.apple.product-type.app-extension";
		};
/* End PBXNativeTarget section */

/* Begin PBXProject section */
		D3ADCEA12624C046007F31BA /* Project object */ = {
			isa = PBXProject;
			attributes = {
				LastSwiftUpdateCheck = 1240;
				LastUpgradeCheck = 1240;
				TargetAttributes = {
					D3ADCEA82624C046007F31BA = {
						CreatedOnToolsVersion = 12.4;
					};
					D3ADCEBF2624C13A007F31BA = {
						CreatedOnToolsVersion = 12.4;
					};
				};
			};
			buildConfigurationList = D3ADCEA42624C046007F31BA /* Build configuration list for PBXProject "Omer Counter" */;
			compatibilityVersion = "Xcode 9.3";
			developmentRegion = en;
			hasScannedForEncodings = 0;
			knownRegions = (
				en,
				Base,
				he,
			);
			mainGroup = D3ADCEA02624C046007F31BA;
			packageReferences = (
				D3ADCF0C26262A0F007F31BA /* XCRemoteSwiftPackageReference "Solar" */,
				D3ADCF492628C85D007F31BA /* XCRemoteSwiftPackageReference "BlackLabsSwiftUIColor" */,
			);
			productRefGroup = D3ADCEAA2624C046007F31BA /* Products */;
			projectDirPath = "";
			projectRoot = "";
			targets = (
				D3ADCEA82624C046007F31BA /* Omer Counter */,
				D3ADCEBF2624C13A007F31BA /* OmerCounterWidgetExtension */,
			);
		};
/* End PBXProject section */

/* Begin PBXResourcesBuildPhase section */
		D3ADCEA72624C046007F31BA /* Resources */ = {
			isa = PBXResourcesBuildPhase;
			buildActionMask = 2147483647;
			files = (
				D3ADCEE72624CF7B007F31BA /* titles.strings in Resources */,
				D3ADCEB42624C046007F31BA /* Preview Assets.xcassets in Resources */,
				D3ADCEB12624C046007F31BA /* Assets.xcassets in Resources */,
			);
			runOnlyForDeploymentPostprocessing = 0;
		};
		D3ADCEBE2624C13A007F31BA /* Resources */ = {
			isa = PBXResourcesBuildPhase;
			buildActionMask = 2147483647;
			files = (
				D3ADCECB2624C13B007F31BA /* Assets.xcassets in Resources */,
			);
			runOnlyForDeploymentPostprocessing = 0;
		};
/* End PBXResourcesBuildPhase section */

/* Begin PBXSourcesBuildPhase section */
		D3ADCEA52624C046007F31BA /* Sources */ = {
			isa = PBXSourcesBuildPhase;
			buildActionMask = 2147483647;
			files = (
				D3ADCF3D2628BA13007F31BA /* AttributedText.swift in Sources */,
				D3ADCF522628C8E7007F31BA /* UiExt.swift in Sources */,
				D3ADCEF02624D6A3007F31BA /* OmerTextView.swift in Sources */,
				D3ADCEAF2624C046007F31BA /* ContentView.swift in Sources */,
				D3ADCF1226262A33007F31BA /* TimesManager.swift in Sources */,
				D3ADCEF926262494007F31BA /* LocationManager.swift in Sources */,
				D3ADCF1626273374007F31BA /* OmerManager.swift in Sources */,
				D3ADCEAD2624C046007F31BA /* Omer_CounterApp.swift in Sources */,
				D3ADCF242628A1F8007F31BA /* OmerTexts.swift in Sources */,
				D3ADCEF42624D6CC007F31BA /* OmerTextLine.swift in Sources */,
				D3ADCECE2624C13B007F31BA /* OmerCounterWidget.intentdefinition in Sources */,
				D3ADCF092626262A007F31BA /* MainContentView.swift in Sources */,
			);
			runOnlyForDeploymentPostprocessing = 0;
		};
		D3ADCEBC2624C13A007F31BA /* Sources */ = {
			isa = PBXSourcesBuildPhase;
			buildActionMask = 2147483647;
			files = (
				D3ADCECD2624C13B007F31BA /* OmerCounterWidget.intentdefinition in Sources */,
				D3ADCEC82624C13A007F31BA /* OmerCounterWidget.swift in Sources */,
			);
			runOnlyForDeploymentPostprocessing = 0;
		};
/* End PBXSourcesBuildPhase section */

/* Begin PBXTargetDependency section */
		D3ADCED02624C13B007F31BA /* PBXTargetDependency */ = {
			isa = PBXTargetDependency;
			target = D3ADCEBF2624C13A007F31BA /* OmerCounterWidgetExtension */;
			targetProxy = D3ADCECF2624C13B007F31BA /* PBXContainerItemProxy */;
		};
/* End PBXTargetDependency section */

/* Begin PBXVariantGroup section */
		D3ADCEE92624CF7B007F31BA /* titles.strings */ = {
			isa = PBXVariantGroup;
			children = (
				D3ADCEE82624CF7B007F31BA /* en */,
				D3ADCEEC2624CF95007F31BA /* he */,
			);
			name = titles.strings;
			sourceTree = "<group>";
		};
/* End PBXVariantGroup section */

/* Begin XCBuildConfiguration section */
		D3ADCEB62624C046007F31BA /* Debug */ = {
			isa = XCBuildConfiguration;
			buildSettings = {
				ALWAYS_SEARCH_USER_PATHS = NO;
				CLANG_ANALYZER_NONNULL = YES;
				CLANG_ANALYZER_NUMBER_OBJECT_CONVERSION = YES_AGGRESSIVE;
				CLANG_CXX_LANGUAGE_STANDARD = "gnu++14";
				CLANG_CXX_LIBRARY = "libc++";
				CLANG_ENABLE_MODULES = YES;
				CLANG_ENABLE_OBJC_ARC = YES;
				CLANG_ENABLE_OBJC_WEAK = YES;
				CLANG_WARN_BLOCK_CAPTURE_AUTORELEASING = YES;
				CLANG_WARN_BOOL_CONVERSION = YES;
				CLANG_WARN_COMMA = YES;
				CLANG_WARN_CONSTANT_CONVERSION = YES;
				CLANG_WARN_DEPRECATED_OBJC_IMPLEMENTATIONS = YES;
				CLANG_WARN_DIRECT_OBJC_ISA_USAGE = YES_ERROR;
				CLANG_WARN_DOCUMENTATION_COMMENTS = YES;
				CLANG_WARN_EMPTY_BODY = YES;
				CLANG_WARN_ENUM_CONVERSION = YES;
				CLANG_WARN_INFINITE_RECURSION = YES;
				CLANG_WARN_INT_CONVERSION = YES;
				CLANG_WARN_NON_LITERAL_NULL_CONVERSION = YES;
				CLANG_WARN_OBJC_IMPLICIT_RETAIN_SELF = YES;
				CLANG_WARN_OBJC_LITERAL_CONVERSION = YES;
				CLANG_WARN_OBJC_ROOT_CLASS = YES_ERROR;
				CLANG_WARN_QUOTED_INCLUDE_IN_FRAMEWORK_HEADER = YES;
				CLANG_WARN_RANGE_LOOP_ANALYSIS = YES;
				CLANG_WARN_STRICT_PROTOTYPES = YES;
				CLANG_WARN_SUSPICIOUS_MOVE = YES;
				CLANG_WARN_UNGUARDED_AVAILABILITY = YES_AGGRESSIVE;
				CLANG_WARN_UNREACHABLE_CODE = YES;
				CLANG_WARN__DUPLICATE_METHOD_MATCH = YES;
				COPY_PHASE_STRIP = NO;
				DEBUG_INFORMATION_FORMAT = dwarf;
				ENABLE_STRICT_OBJC_MSGSEND = YES;
				ENABLE_TESTABILITY = YES;
				GCC_C_LANGUAGE_STANDARD = gnu11;
				GCC_DYNAMIC_NO_PIC = NO;
				GCC_NO_COMMON_BLOCKS = YES;
				GCC_OPTIMIZATION_LEVEL = 0;
				GCC_PREPROCESSOR_DEFINITIONS = (
					"DEBUG=1",
					"$(inherited)",
				);
				GCC_WARN_64_TO_32_BIT_CONVERSION = YES;
				GCC_WARN_ABOUT_RETURN_TYPE = YES_ERROR;
				GCC_WARN_UNDECLARED_SELECTOR = YES;
				GCC_WARN_UNINITIALIZED_AUTOS = YES_AGGRESSIVE;
				GCC_WARN_UNUSED_FUNCTION = YES;
				GCC_WARN_UNUSED_VARIABLE = YES;
				IPHONEOS_DEPLOYMENT_TARGET = 14.4;
				MTL_ENABLE_DEBUG_INFO = INCLUDE_SOURCE;
				MTL_FAST_MATH = YES;
				ONLY_ACTIVE_ARCH = YES;
				SDKROOT = iphoneos;
				SWIFT_ACTIVE_COMPILATION_CONDITIONS = DEBUG;
				SWIFT_OPTIMIZATION_LEVEL = "-Onone";
			};
			name = Debug;
		};
		D3ADCEB72624C046007F31BA /* Release */ = {
			isa = XCBuildConfiguration;
			buildSettings = {
				ALWAYS_SEARCH_USER_PATHS = NO;
				CLANG_ANALYZER_NONNULL = YES;
				CLANG_ANALYZER_NUMBER_OBJECT_CONVERSION = YES_AGGRESSIVE;
				CLANG_CXX_LANGUAGE_STANDARD = "gnu++14";
				CLANG_CXX_LIBRARY = "libc++";
				CLANG_ENABLE_MODULES = YES;
				CLANG_ENABLE_OBJC_ARC = YES;
				CLANG_ENABLE_OBJC_WEAK = YES;
				CLANG_WARN_BLOCK_CAPTURE_AUTORELEASING = YES;
				CLANG_WARN_BOOL_CONVERSION = YES;
				CLANG_WARN_COMMA = YES;
				CLANG_WARN_CONSTANT_CONVERSION = YES;
				CLANG_WARN_DEPRECATED_OBJC_IMPLEMENTATIONS = YES;
				CLANG_WARN_DIRECT_OBJC_ISA_USAGE = YES_ERROR;
				CLANG_WARN_DOCUMENTATION_COMMENTS = YES;
				CLANG_WARN_EMPTY_BODY = YES;
				CLANG_WARN_ENUM_CONVERSION = YES;
				CLANG_WARN_INFINITE_RECURSION = YES;
				CLANG_WARN_INT_CONVERSION = YES;
				CLANG_WARN_NON_LITERAL_NULL_CONVERSION = YES;
				CLANG_WARN_OBJC_IMPLICIT_RETAIN_SELF = YES;
				CLANG_WARN_OBJC_LITERAL_CONVERSION = YES;
				CLANG_WARN_OBJC_ROOT_CLASS = YES_ERROR;
				CLANG_WARN_QUOTED_INCLUDE_IN_FRAMEWORK_HEADER = YES;
				CLANG_WARN_RANGE_LOOP_ANALYSIS = YES;
				CLANG_WARN_STRICT_PROTOTYPES = YES;
				CLANG_WARN_SUSPICIOUS_MOVE = YES;
				CLANG_WARN_UNGUARDED_AVAILABILITY = YES_AGGRESSIVE;
				CLANG_WARN_UNREACHABLE_CODE = YES;
				CLANG_WARN__DUPLICATE_METHOD_MATCH = YES;
				COPY_PHASE_STRIP = NO;
				DEBUG_INFORMATION_FORMAT = "dwarf-with-dsym";
				ENABLE_NS_ASSERTIONS = NO;
				ENABLE_STRICT_OBJC_MSGSEND = YES;
				GCC_C_LANGUAGE_STANDARD = gnu11;
				GCC_NO_COMMON_BLOCKS = YES;
				GCC_WARN_64_TO_32_BIT_CONVERSION = YES;
				GCC_WARN_ABOUT_RETURN_TYPE = YES_ERROR;
				GCC_WARN_UNDECLARED_SELECTOR = YES;
				GCC_WARN_UNINITIALIZED_AUTOS = YES_AGGRESSIVE;
				GCC_WARN_UNUSED_FUNCTION = YES;
				GCC_WARN_UNUSED_VARIABLE = YES;
				IPHONEOS_DEPLOYMENT_TARGET = 14.4;
				MTL_ENABLE_DEBUG_INFO = NO;
				MTL_FAST_MATH = YES;
				SDKROOT = iphoneos;
				SWIFT_COMPILATION_MODE = wholemodule;
				SWIFT_OPTIMIZATION_LEVEL = "-O";
				VALIDATE_PRODUCT = YES;
			};
			name = Release;
		};
		D3ADCEB92624C046007F31BA /* Debug */ = {
			isa = XCBuildConfiguration;
			buildSettings = {
				ALWAYS_EMBED_SWIFT_STANDARD_LIBRARIES = YES;
				ASSETCATALOG_COMPILER_APPICON_NAME = AppIcon;
				ASSETCATALOG_COMPILER_GLOBAL_ACCENT_COLOR_NAME = AccentColor;
				CODE_SIGN_STYLE = Automatic;
				DEVELOPMENT_ASSET_PATHS = "\"Omer Counter/Preview Content\"";
				ENABLE_PREVIEWS = YES;
				INFOPLIST_FILE = "Omer Counter/Info.plist";
				IPHONEOS_DEPLOYMENT_TARGET = 14.0;
				LD_RUNPATH_SEARCH_PATHS = (
					"$(inherited)",
					"@executable_path/Frameworks",
				);
				PRODUCT_BUNDLE_IDENTIFIER = "com.github.orelzion.Omer-Counter";
				PRODUCT_NAME = "$(TARGET_NAME)";
				SWIFT_VERSION = 5.0;
				TARGETED_DEVICE_FAMILY = "1,2";
			};
			name = Debug;
		};
		D3ADCEBA2624C046007F31BA /* Release */ = {
			isa = XCBuildConfiguration;
			buildSettings = {
				ALWAYS_EMBED_SWIFT_STANDARD_LIBRARIES = YES;
				ASSETCATALOG_COMPILER_APPICON_NAME = AppIcon;
				ASSETCATALOG_COMPILER_GLOBAL_ACCENT_COLOR_NAME = AccentColor;
				CODE_SIGN_STYLE = Automatic;
				DEVELOPMENT_ASSET_PATHS = "\"Omer Counter/Preview Content\"";
				ENABLE_PREVIEWS = YES;
				INFOPLIST_FILE = "Omer Counter/Info.plist";
				IPHONEOS_DEPLOYMENT_TARGET = 14.0;
				LD_RUNPATH_SEARCH_PATHS = (
					"$(inherited)",
					"@executable_path/Frameworks",
				);
				PRODUCT_BUNDLE_IDENTIFIER = "com.github.orelzion.Omer-Counter";
				PRODUCT_NAME = "$(TARGET_NAME)";
				SWIFT_VERSION = 5.0;
				TARGETED_DEVICE_FAMILY = "1,2";
			};
			name = Release;
		};
		D3ADCED32624C13B007F31BA /* Debug */ = {
			isa = XCBuildConfiguration;
			buildSettings = {
				ASSETCATALOG_COMPILER_GLOBAL_ACCENT_COLOR_NAME = AccentColor;
				ASSETCATALOG_COMPILER_WIDGET_BACKGROUND_COLOR_NAME = WidgetBackground;
				CODE_SIGN_STYLE = Automatic;
				INFOPLIST_FILE = OmerCounterWidget/Info.plist;
				LD_RUNPATH_SEARCH_PATHS = (
					"$(inherited)",
					"@executable_path/Frameworks",
					"@executable_path/../../Frameworks",
				);
				PRODUCT_BUNDLE_IDENTIFIER = "com.github.orelzion.Omer-Counter.OmerCounterWidget";
				PRODUCT_NAME = "$(TARGET_NAME)";
				SKIP_INSTALL = YES;
				SWIFT_VERSION = 5.0;
				TARGETED_DEVICE_FAMILY = "1,2";
			};
			name = Debug;
		};
		D3ADCED42624C13B007F31BA /* Release */ = {
			isa = XCBuildConfiguration;
			buildSettings = {
				ASSETCATALOG_COMPILER_GLOBAL_ACCENT_COLOR_NAME = AccentColor;
				ASSETCATALOG_COMPILER_WIDGET_BACKGROUND_COLOR_NAME = WidgetBackground;
				CODE_SIGN_STYLE = Automatic;
				INFOPLIST_FILE = OmerCounterWidget/Info.plist;
				LD_RUNPATH_SEARCH_PATHS = (
					"$(inherited)",
					"@executable_path/Frameworks",
					"@executable_path/../../Frameworks",
				);
				PRODUCT_BUNDLE_IDENTIFIER = "com.github.orelzion.Omer-Counter.OmerCounterWidget";
				PRODUCT_NAME = "$(TARGET_NAME)";
				SKIP_INSTALL = YES;
				SWIFT_VERSION = 5.0;
				TARGETED_DEVICE_FAMILY = "1,2";
			};
			name = Release;
		};
/* End XCBuildConfiguration section */

/* Begin XCConfigurationList section */
		D3ADCEA42624C046007F31BA /* Build configuration list for PBXProject "Omer Counter" */ = {
			isa = XCConfigurationList;
			buildConfigurations = (
				D3ADCEB62624C046007F31BA /* Debug */,
				D3ADCEB72624C046007F31BA /* Release */,
			);
			defaultConfigurationIsVisible = 0;
			defaultConfigurationName = Release;
		};
		D3ADCEB82624C046007F31BA /* Build configuration list for PBXNativeTarget "Omer Counter" */ = {
			isa = XCConfigurationList;
			buildConfigurations = (
				D3ADCEB92624C046007F31BA /* Debug */,
				D3ADCEBA2624C046007F31BA /* Release */,
			);
			defaultConfigurationIsVisible = 0;
			defaultConfigurationName = Release;
		};
		D3ADCED22624C13B007F31BA /* Build configuration list for PBXNativeTarget "OmerCounterWidgetExtension" */ = {
			isa = XCConfigurationList;
			buildConfigurations = (
				D3ADCED32624C13B007F31BA /* Debug */,
				D3ADCED42624C13B007F31BA /* Release */,
			);
			defaultConfigurationIsVisible = 0;
			defaultConfigurationName = Release;
		};
/* End XCConfigurationList section */

/* Begin XCRemoteSwiftPackageReference section */
		D3ADCF0C26262A0F007F31BA /* XCRemoteSwiftPackageReference "Solar" */ = {
			isa = XCRemoteSwiftPackageReference;
			repositoryURL = "https://github.com/ceeK/Solar.git";
			requirement = {
				kind = upToNextMajorVersion;
				minimumVersion = 2.2.0;
			};
		};
		D3ADCF492628C85D007F31BA /* XCRemoteSwiftPackageReference "BlackLabsSwiftUIColor" */ = {
			isa = XCRemoteSwiftPackageReference;
			repositoryURL = "https://github.com/nbasham/BlackLabsSwiftUIColor/";
			requirement = {
				kind = upToNextMajorVersion;
				minimumVersion = 1.1.2;
			};
		};
/* End XCRemoteSwiftPackageReference section */

/* Begin XCSwiftPackageProductDependency section */
		D3ADCF0D26262A0F007F31BA /* Solar */ = {
			isa = XCSwiftPackageProductDependency;
			package = D3ADCF0C26262A0F007F31BA /* XCRemoteSwiftPackageReference "Solar" */;
			productName = Solar;
		};
		D3ADCF4A2628C85D007F31BA /* BlackLabsSwiftUIColor */ = {
			isa = XCSwiftPackageProductDependency;
			package = D3ADCF492628C85D007F31BA /* XCRemoteSwiftPackageReference "BlackLabsSwiftUIColor" */;
			productName = BlackLabsSwiftUIColor;
		};
/* End XCSwiftPackageProductDependency section */
	};
	rootObject = D3ADCEA12624C046007F31BA /* Project object */;
}
